
Microsoft Visual Studio Solution File, Format Version 12.00
# Visual Studio Version 17
VisualStudioVersion = 17.3.32922.545
MinimumVisualStudioVersion = 10.0.40219.1
Project("{FAE04EC0-301F-11D3-BF4B-00C04F79EFBC}") = "WebApiTest", "WebApiTest.csproj", "{A93AF95E-179E-4824-8EFD-07935F95D986}"
EndProject
Global
	GlobalSection(SolutionConfigurationPlatforms) = preSolution
		Debug|Any CPU = Debug|Any CPU
		Release|Any CPU = Release|Any CPU
	EndGlobalSection
	GlobalSection(ProjectConfigurationPlatforms) = postSolution
		{A93AF95E-179E-4824-8EFD-07935F95D986}.Debug|Any CPU.ActiveCfg = Debug|Any CPU
		{A93AF95E-179E-4824-8EFD-07935F95D986}.Debug|Any CPU.Build.0 = Debug|Any CPU
		{A93AF95E-179E-4824-8EFD-07935F95D986}.Release|Any CPU.ActiveCfg = Release|Any CPU
		{A93AF95E-179E-4824-8EFD-07935F95D986}.Release|Any CPU.Build.0 = Release|Any CPU
	EndGlobalSection
	GlobalSection(SolutionProperties) = preSolution
		HideSolutionNode = FALSE
	EndGlobalSection
	GlobalSection(ExtensibilityGlobals) = postSolution
		SolutionGuid = {A53A986A-E432-4AE2-9312-600750D719E7}
	EndGlobalSection
EndGlobal
